{
  "name": "sync_fees",
  "version": "1.0.0",
  "lockfileVersion": 2,
  "requires": true,
  "packages": {
    "": {
      "name": "sync_fees",
      "version": "1.0.0",
      "license": "ISC",
      "dependencies": {
        "odoo-rest-client": "file:../odoo-rest-client",
        "odoo-rest-memory": "file:../odoo-rest-memory"
      }
    },
    "../odoo-rest-client": {
      "version": "1.0.2",
      "license": "ISC",
      "dependencies": {
        "gaxios": "^2.0.1",
        "jso": "^4.1.1",
        "jso-2": "^1.0.0"
      }
    },
    "../odoo-rest-memory": {
      "version": "1.0.0",
      "license": "ISC",
      "dependencies": {
        "express": "^4.18.1",
        "odoo-rest-client": "file:../odoo-rest-client",
        "sharp": "^0.31.1",
        "ws": "^8.9.0"
      }
    },
    "node_modules/odoo-rest-client": {
      "resolved": "../odoo-rest-client",
      "link": true
    },
    "node_modules/odoo-rest-memory": {
      "resolved": "../odoo-rest-memory",
      "link": true
    }
  },
  "dependencies": {
    "odoo-rest-client": {
      "version": "file:../odoo-rest-client",
      "requires": {
        "gaxios": "^2.0.1",
        "jso": "^4.1.1",
        "jso-2": "^1.0.0"
      }
    },
    "odoo-rest-memory": {
      "version": "file:../odoo-rest-memory",
      "requires": {
        "express": "^4.18.1",
        "odoo-rest-client": "file:../odoo-rest-client",
        "sharp": "^0.31.1",
        "ws": "^8.9.0"
      }
    }
  }
}
